{
  "nodes": {
    "hardware": {
      "locked": {
        "lastModified": 1706690174,
        "narHash": "sha256-nst4JtKjYNNFPmp2mFEiSDr2EuQI0tnhebuMxrNlk7k=",
        "path": "/nix/store/kqygv3nrwc6yd3fmwwb4jqlrspjpxqc6-source",
        "rev": "88712a124b9a15e8b487d9bec9847ba0aa876d2c",
        "type": "path"
      },
      "original": {
        "id": "hardware",
        "type": "indirect"
      }
    },
    "nixpkgs": {
      "locked": {
        "lastModified": 1706718339,
        "narHash": "sha256-S+S97c/HzkO2A/YsU7ZmNF9w2s7Xk6P8dzmfDdckzLs=",
        "owner": "nixos",
        "repo": "nixpkgs",
        "rev": "53fbe41cf76b6a685004194e38e889bc8857e8c2",
        "type": "github"
      },
      "original": {
        "owner": "nixos",
        "ref": "nixos-23.11",
        "repo": "nixpkgs",
        "type": "github"
      }
    },
    "root": {
      "inputs": {
        "hardware": "hardware",
        "nixpkgs": "nixpkgs"
      }
    }
  },
  "root": "root",
  "version": 7
}
